
Microsoft Visual Studio Solution File, Format Version 12.00
# Visual Studio Version 16
VisualStudioVersion = 16.0.30114.105
MinimumVisualStudioVersion = 10.0.40219.1
Project("{8BC9CEB8-8B4A-11D0-8D11-00A0C91BC942}") = "LeetcodeDemo", "LeetcodeDemo.vcxproj", "{BFDDA0CD-CE9F-4C87-A19C-0F3741970930}"
EndProject
Global
	GlobalSection(SolutionConfigurationPlatforms) = preSolution
		Debug|x64 = Debug|x64
		Debug|x86 = Debug|x86
		Release|x64 = Release|x64
		Release|x86 = Release|x86
	EndGlobalSection
	GlobalSection(ProjectConfigurationPlatforms) = postSolution
		{BFDDA0CD-CE9F-4C87-A19C-0F3741970930}.Debug|x64.ActiveCfg = Debug|x64
		{BFDDA0CD-CE9F-4C87-A19C-0F3741970930}.Debug|x64.Build.0 = Debug|x64
		{BFDDA0CD-CE9F-4C87-A19C-0F3741970930}.Debug|x86.ActiveCfg = Debug|Win32
		{BFDDA0CD-CE9F-4C87-A19C-0F3741970930}.Debug|x86.Build.0 = Debug|Win32
		{BFDDA0CD-CE9F-4C87-A19C-0F3741970930}.Release|x64.ActiveCfg = Release|x64
		{BFDDA0CD-CE9F-4C87-A19C-0F3741970930}.Release|x64.Build.0 = Release|x64
		{BFDDA0CD-CE9F-4C87-A19C-0F3741970930}.Release|x86.ActiveCfg = Release|Win32
		{BFDDA0CD-CE9F-4C87-A19C-0F3741970930}.Release|x86.Build.0 = Release|Win32
	EndGlobalSection
	GlobalSection(SolutionProperties) = preSolution
		HideSolutionNode = FALSE
	EndGlobalSection
	GlobalSection(ExtensibilityGlobals) = postSolution
		SolutionGuid = {ED122BF4-E104-412E-A246-558D638376D1}
	EndGlobalSection
EndGlobal
